{
  "requires": true,
  "lockfileVersion": 1,
  "dependencies": {
    "@splidejs/splide": {
      "version": "3.6.12",
      "resolved": "https://registry.npmjs.org/@splidejs/splide/-/splide-3.6.12.tgz",
      "integrity": "sha512-ggOUAuSxjWuxxL0IQEZcux26KByfKWfYM2HYmvDBdxkXc5evVW+xuECO+3iuciyrJpgcbYTr4hn0cHfbNlYIeA=="
    },
    "fuckadblock": {
      "version": "3.2.1",
      "resolved": "https://registry.npmjs.org/fuckadblock/-/fuckadblock-3.2.1.tgz",
      "integrity": "sha1-F/oyN6XhXIZhNAa5EeYIGRo+YuI="
    },
    "typed.js": {
      "version": "2.0.12",
      "resolved": "https://registry.npmjs.org/typed.js/-/typed.js-2.0.12.tgz",
      "integrity": "sha512-lyACZh1cu+vpfYY3DG/bvsGLXXbdoDDpWxmqta10IQUdMXisMXOEyl+jos+YT9uBbzK4QaKYBjT3R0kTJO0Slw=="
    }
  }
}
